
Microsoft Visual Studio Solution File, Format Version 12.00
# Visual Studio 14
VisualStudioVersion = 14.0.25420.1
MinimumVisualStudioVersion = 10.0.40219.1
Project("{FAE04EC0-301F-11D3-BF4B-00C04F79EFBC}") = "View", "View\View.csproj", "{8C6068BA-144B-434F-BD0E-17B652ADB312}"
EndProject
Project("{FAE04EC0-301F-11D3-BF4B-00C04F79EFBC}") = "ViewModel", "ViewModel\ViewModel.csproj", "{E3D2568D-A59B-4FE1-AE67-A9AB3F9BC2FB}"
EndProject
Project("{2150E333-8FDC-42A3-9474-1A3956D46DE8}") = "Data", "Data", "{3D3667DC-C48B-4430-BC61-935819AFA0B8}"
	ProjectSection(SolutionItems) = preProject
		Data\DBO.db = Data\DBO.db
	EndProjectSection
EndProject
Project("{FAE04EC0-301F-11D3-BF4B-00C04F79EFBC}") = "Model", "Model\Model.csproj", "{A59C8CF4-DE0B-4818-9ACE-53EC78EC0399}"
EndProject
Global
	GlobalSection(SolutionConfigurationPlatforms) = preSolution
		Debug|Any CPU = Debug|Any CPU
		Release|Any CPU = Release|Any CPU
	EndGlobalSection
	GlobalSection(ProjectConfigurationPlatforms) = postSolution
		{8C6068BA-144B-434F-BD0E-17B652ADB312}.Debug|Any CPU.ActiveCfg = Debug|Any CPU
		{8C6068BA-144B-434F-BD0E-17B652ADB312}.Debug|Any CPU.Build.0 = Debug|Any CPU
		{8C6068BA-144B-434F-BD0E-17B652ADB312}.Release|Any CPU.ActiveCfg = Release|Any CPU
		{8C6068BA-144B-434F-BD0E-17B652ADB312}.Release|Any CPU.Build.0 = Release|Any CPU
		{E3D2568D-A59B-4FE1-AE67-A9AB3F9BC2FB}.Debug|Any CPU.ActiveCfg = Debug|Any CPU
		{E3D2568D-A59B-4FE1-AE67-A9AB3F9BC2FB}.Debug|Any CPU.Build.0 = Debug|Any CPU
		{E3D2568D-A59B-4FE1-AE67-A9AB3F9BC2FB}.Release|Any CPU.ActiveCfg = Release|Any CPU
		{E3D2568D-A59B-4FE1-AE67-A9AB3F9BC2FB}.Release|Any CPU.Build.0 = Release|Any CPU
		{A59C8CF4-DE0B-4818-9ACE-53EC78EC0399}.Debug|Any CPU.ActiveCfg = Debug|Any CPU
		{A59C8CF4-DE0B-4818-9ACE-53EC78EC0399}.Debug|Any CPU.Build.0 = Debug|Any CPU
		{A59C8CF4-DE0B-4818-9ACE-53EC78EC0399}.Release|Any CPU.ActiveCfg = Release|Any CPU
		{A59C8CF4-DE0B-4818-9ACE-53EC78EC0399}.Release|Any CPU.Build.0 = Release|Any CPU
	EndGlobalSection
	GlobalSection(SolutionProperties) = preSolution
		HideSolutionNode = FALSE
	EndGlobalSection
EndGlobal
